<?xml version="1.0" encoding="utf-8"?>
<Project ToolsVersion="4.0" xmlns="http://schemas.microsoft.com/developer/msbuild/2003">
  <ItemGroup>
    <Filter Include="Source Files">
      <UniqueIdentifier>{4FC737F1-C7A5-4376-A066-2A32D752A2FF}</UniqueIdentifier>
      <Extensions>cpp;c;cc;cxx;def;odl;idl;hpj;bat;asm;asmx</Extensions>
    </Filter>
    <Filter Include="Resource Files">
      <UniqueIdentifier>{67DA6AB6-F800-4c08-8B7A-83BB121AAD01}</UniqueIdentifier>
      <Extensions>rc;ico;cur;bmp;dlg;rc2;rct;bin;rgs;gif;jpg;jpeg;jpe;resx;tiff;tif;png;wav;mfcribbon-ms</Extensions>
    </Filter>
    <Filter Include="Source Files\Helpers">
      <UniqueIdentifier>{c1562f31-bc57-459e-8072-ad197549593d}</UniqueIdentifier>
    </Filter>
    <Filter Include="Source Files\Managers">
      <UniqueIdentifier>{28071f05-0dbb-4b53-9d52-fb061a04b6c9}</UniqueIdentifier>
    </Filter>
    <Filter Include="Source Files\SceneHelpers">
      <UniqueIdentifier>{560cb224-ec0e-4b37-a1c4-93398cbc2cd4}</UniqueIdentifier>
    </Filter>
    <Filter Include="Source Files\Components">
      <UniqueIdentifier>{fdb7c7a9-1f95-4ec9-8076-2958d27e2a96}</UniqueIdentifier>
    </Filter>
    <Filter Include="Source Files\Helpers\Observer">
      <UniqueIdentifier>{286b9b87-31c3-43aa-b03c-e53e50b3eee1}</UniqueIdentifier>
    </Filter>
  </ItemGroup>
  <ItemGroup>
    <ClInclude Include="Singleton.h">
      <Filter>Source Files\Helpers</Filter>
    </ClInclude>
    <ClInclude Include="Texture2D.h">
      <Filter>Source Files\Helpers</Filter>
    </ClInclude>
    <ClInclude Include="InputManager.h">
      <Filter>Source Files\Managers</Filter>
    </ClInclude>
    <ClInclude Include="Scene.h">
      <Filter>Source Files\SceneHelpers</Filter>
    </ClInclude>
    <ClInclude Include="GameObject.h">
      <Filter>Source Files\Components</Filter>
    </ClInclude>
    <ClInclude Include="BaseComponent.h">
      <Filter>Source Files\Components</Filter>
    </ClInclude>
    <ClInclude Include="TransformComponent.h">
      <Filter>Source Files\Components</Filter>
    </ClInclude>
    <ClInclude Include="ResourceManager.h">
      <Filter>Source Files\Managers</Filter>
    </ClInclude>
    <ClInclude Include="GameTime.h">
      <Filter>Source Files\Helpers</Filter>
    </ClInclude>
    <ClInclude Include="Font.h">
      <Filter>Source Files\Helpers</Filter>
    </ClInclude>
    <ClInclude Include="Components.h">
      <Filter>Source Files\Components</Filter>
    </ClInclude>
    <ClInclude Include="TextureComponent.h">
      <Filter>Source Files\Components</Filter>
    </ClInclude>
    <ClInclude Include="Renderer.h">
      <Filter>Source Files\Helpers</Filter>
    </ClInclude>
    <ClInclude Include="TextComponent.h">
      <Filter>Source Files\Components</Filter>
    </ClInclude>
    <ClInclude Include="FPSComponent.h">
      <Filter>Source Files\Components</Filter>
    </ClInclude>
    <ClInclude Include="Logger.h">
      <Filter>Source Files\Helpers</Filter>
    </ClInclude>
    <ClInclude Include="SceneManager.h">
      <Filter>Source Files\Managers</Filter>
    </ClInclude>
    <ClInclude Include="InputComponent.h">
      <Filter>Source Files\Components</Filter>
    </ClInclude>
    <ClInclude Include="CharacterControllerComponent.h">
      <Filter>Source Files\Components</Filter>
    </ClInclude>
    <ClInclude Include="GraphMovementComponent.h">
      <Filter>Source Files\Components</Filter>
    </ClInclude>
    <ClInclude Include="GridComponent.h">
      <Filter>Source Files\Components</Filter>
    </ClInclude>
    <ClInclude Include="Observer.h">
      <Filter>Source Files\Helpers\Observer</Filter>
    </ClInclude>
    <ClInclude Include="Subject.h">
      <Filter>Source Files\Helpers\Observer</Filter>
    </ClInclude>
    <ClInclude Include="Events.h">
      <Filter>Source Files\Helpers\Observer</Filter>
    </ClInclude>
    <ClInclude Include="GridObserver.h">
      <Filter>Source Files\Helpers\Observer</Filter>
    </ClInclude>
    <ClInclude Include="Achievements.h">
      <Filter>Source Files\Helpers\Observer</Filter>
    </ClInclude>
    <ClInclude Include="Audio.h">
      <Filter>Source Files\Managers</Filter>
    </ClInclude>
    <ClInclude Include="AudioLocator.h">
      <Filter>Source Files\Managers</Filter>
    </ClInclude>
    <ClInclude Include="Engine.h">
      <Filter>Source Files</Filter>
    </ClInclude>
    <ClInclude Include="pch.h">
      <Filter>Source Files</Filter>
    </ClInclude>
    <ClInclude Include="targetver.h">
      <Filter>Source Files</Filter>
    </ClInclude>
    <ClInclude Include="TriggerComponent.h">
      <Filter>Source Files\Components</Filter>
    </ClInclude>
    <ClInclude Include="ButtonComponent.h">
      <Filter>Source Files\Components</Filter>
    </ClInclude>
    <ClInclude Include="ButtonManagerComponent.h">
      <Filter>Source Files\Components</Filter>
    </ClInclude>
    <ClInclude Include="StateComponent.h">
      <Filter>Source Files\Components</Filter>
    </ClInclude>
    <ClInclude Include="State.h">
      <Filter>Source Files\Helpers</Filter>
    </ClInclude>
    <ClInclude Include="SpriteComponent.h">
      <Filter>Source Files\Components</Filter>
    </ClInclude>
    <ClInclude Include="GridLoader.h">
      <Filter>Source Files\Helpers</Filter>
    </ClInclude>
  </ItemGroup>
  <ItemGroup>
    <ClCompile Include="pch.cpp">
      <Filter>Source Files</Filter>
    </ClCompile>
    <ClCompile Include="main.cpp">
      <Filter>Source Files</Filter>
    </ClCompile>
    <ClCompile Include="Engine.cpp">
      <Filter>Source Files</Filter>
    </ClCompile>
    <ClCompile Include="Texture2D.cpp">
      <Filter>Source Files\Helpers</Filter>
    </ClCompile>
    <ClCompile Include="InputManager.cpp">
      <Filter>Source Files\Managers</Filter>
    </ClCompile>
    <ClCompile Include="SceneManager.cpp">
      <Filter>Source Files\Managers</Filter>
    </ClCompile>
    <ClCompile Include="Scene.cpp">
      <Filter>Source Files\SceneHelpers</Filter>
    </ClCompile>
    <ClCompile Include="GameObject.cpp">
      <Filter>Source Files\Components</Filter>
    </ClCompile>
    <ClCompile Include="ResourceManager.cpp">
      <Filter>Source Files\Managers</Filter>
    </ClCompile>
    <ClCompile Include="GameTime.cpp">
      <Filter>Source Files\Helpers</Filter>
    </ClCompile>
    <ClCompile Include="Font.cpp">
      <Filter>Source Files\Helpers</Filter>
    </ClCompile>
    <ClCompile Include="TextureComponent.cpp">
      <Filter>Source Files\Components</Filter>
    </ClCompile>
    <ClCompile Include="Renderer.cpp">
      <Filter>Source Files\Helpers</Filter>
    </ClCompile>
    <ClCompile Include="FPSComponent.cpp">
      <Filter>Source Files\Components</Filter>
    </ClCompile>
    <ClCompile Include="TextComponent.cpp">
      <Filter>Source Files\Components</Filter>
    </ClCompile>
    <ClCompile Include="Logger.cpp">
      <Filter>Source Files\Helpers</Filter>
    </ClCompile>
    <ClCompile Include="InputComponent.cpp">
      <Filter>Source Files\Components</Filter>
    </ClCompile>
    <ClCompile Include="CharacterControllerComponent.cpp">
      <Filter>Source Files\Components</Filter>
    </ClCompile>
    <ClCompile Include="GraphMovementComponent.cpp">
      <Filter>Source Files\Components</Filter>
    </ClCompile>
    <ClCompile Include="GridComponent.cpp">
      <Filter>Source Files\Components</Filter>
    </ClCompile>
    <ClCompile Include="Subject.cpp">
      <Filter>Source Files\Helpers\Observer</Filter>
    </ClCompile>
    <ClCompile Include="GridObserver.cpp">
      <Filter>Source Files\Helpers\Observer</Filter>
    </ClCompile>
    <ClCompile Include="Audio.cpp">
      <Filter>Source Files\Managers</Filter>
    </ClCompile>
    <ClCompile Include="AudioLocator.cpp">
      <Filter>Source Files\Managers</Filter>
    </ClCompile>
    <ClCompile Include="TriggerComponent.cpp">
      <Filter>Source Files\Components</Filter>
    </ClCompile>
    <ClCompile Include="ButtonComponent.cpp">
      <Filter>Source Files\Components</Filter>
    </ClCompile>
    <ClCompile Include="ButtonManagerComponent.cpp">
      <Filter>Source Files\Components</Filter>
    </ClCompile>
    <ClCompile Include="StateComponent.cpp">
      <Filter>Source Files\Components</Filter>
    </ClCompile>
    <ClCompile Include="State.cpp">
      <Filter>Source Files\Helpers</Filter>
    </ClCompile>
    <ClCompile Include="SpriteComponent.cpp">
      <Filter>Source Files\Components</Filter>
    </ClCompile>
    <ClCompile Include="GridLoader.cpp">
      <Filter>Source Files\Helpers</Filter>
    </ClCompile>
  </ItemGroup>
</Project>